
Microsoft Visual Studio Solution File, Format Version 12.00
# Visual Studio 15
VisualStudioVersion = 15.0.28307.1062
MinimumVisualStudioVersion = 10.0.40219.1
Project("{FAE04EC0-301F-11D3-BF4B-00C04F79EFBC}") = "InventoryTrial", "InventoryTrial\InventoryTrial.csproj", "{B345132D-D902-43E6-893B-6CD1816BBE3C}"
EndProject
Project("{FAE04EC0-301F-11D3-BF4B-00C04F79EFBC}") = "InventoryTrialUnitTests", "InventoryTrialUnitTests\InventoryTrialUnitTests.csproj", "{BF97A5AB-3BB5-4237-9A14-9ECA2F1CF855}"
EndProject
Global
	GlobalSection(SolutionConfigurationPlatforms) = preSolution
		Debug|Any CPU = Debug|Any CPU
		Release|Any CPU = Release|Any CPU
	EndGlobalSection
	GlobalSection(ProjectConfigurationPlatforms) = postSolution
		{B345132D-D902-43E6-893B-6CD1816BBE3C}.Debug|Any CPU.ActiveCfg = Debug|Any CPU
		{B345132D-D902-43E6-893B-6CD1816BBE3C}.Debug|Any CPU.Build.0 = Debug|Any CPU
		{B345132D-D902-43E6-893B-6CD1816BBE3C}.Release|Any CPU.ActiveCfg = Release|Any CPU
		{B345132D-D902-43E6-893B-6CD1816BBE3C}.Release|Any CPU.Build.0 = Release|Any CPU
		{BF97A5AB-3BB5-4237-9A14-9ECA2F1CF855}.Debug|Any CPU.ActiveCfg = Debug|Any CPU
		{BF97A5AB-3BB5-4237-9A14-9ECA2F1CF855}.Debug|Any CPU.Build.0 = Debug|Any CPU
		{BF97A5AB-3BB5-4237-9A14-9ECA2F1CF855}.Release|Any CPU.ActiveCfg = Release|Any CPU
		{BF97A5AB-3BB5-4237-9A14-9ECA2F1CF855}.Release|Any CPU.Build.0 = Release|Any CPU
	EndGlobalSection
	GlobalSection(SolutionProperties) = preSolution
		HideSolutionNode = FALSE
	EndGlobalSection
	GlobalSection(ExtensibilityGlobals) = postSolution
		SolutionGuid = {4D654C0F-6DB5-40FE-BB0F-3AF9F9EA714C}
	EndGlobalSection
EndGlobal
